
Microsoft Visual Studio Solution File, Format Version 12.00
# Visual Studio Version 16
VisualStudioVersion = 16.0.31005.135
MinimumVisualStudioVersion = 10.0.40219.1
Project("{FAE04EC0-301F-11D3-BF4B-00C04F79EFBC}") = "Domain", "Domain\Domain.csproj", "{FBA7C2F6-A553-42B7-A414-46C2D830FA2C}"
EndProject
Project("{FAE04EC0-301F-11D3-BF4B-00C04F79EFBC}") = "API", "API\API.csproj", "{C95FFEED-85B1-4591-B3FC-82692B0A9CCE}"
EndProject
Project("{FAE04EC0-301F-11D3-BF4B-00C04F79EFBC}") = "Domain.Test", "Domain.Test\Domain.Test.csproj", "{19C7839C-DA0D-45BF-8FE4-08BDD5218BA9}"
EndProject
Project("{FAE04EC0-301F-11D3-BF4B-00C04F79EFBC}") = "Database", "Database\Database.csproj", "{1CA83D29-9C88-4D79-92EB-67F22F2D1822}"
EndProject
Global
	GlobalSection(SolutionConfigurationPlatforms) = preSolution
		Debug|Any CPU = Debug|Any CPU
		Release|Any CPU = Release|Any CPU
	EndGlobalSection
	GlobalSection(ProjectConfigurationPlatforms) = postSolution
		{FBA7C2F6-A553-42B7-A414-46C2D830FA2C}.Debug|Any CPU.ActiveCfg = Debug|Any CPU
		{FBA7C2F6-A553-42B7-A414-46C2D830FA2C}.Debug|Any CPU.Build.0 = Debug|Any CPU
		{FBA7C2F6-A553-42B7-A414-46C2D830FA2C}.Release|Any CPU.ActiveCfg = Release|Any CPU
		{FBA7C2F6-A553-42B7-A414-46C2D830FA2C}.Release|Any CPU.Build.0 = Release|Any CPU
		{C95FFEED-85B1-4591-B3FC-82692B0A9CCE}.Debug|Any CPU.ActiveCfg = Debug|Any CPU
		{C95FFEED-85B1-4591-B3FC-82692B0A9CCE}.Debug|Any CPU.Build.0 = Debug|Any CPU
		{C95FFEED-85B1-4591-B3FC-82692B0A9CCE}.Release|Any CPU.ActiveCfg = Release|Any CPU
		{C95FFEED-85B1-4591-B3FC-82692B0A9CCE}.Release|Any CPU.Build.0 = Release|Any CPU
		{19C7839C-DA0D-45BF-8FE4-08BDD5218BA9}.Debug|Any CPU.ActiveCfg = Debug|Any CPU
		{19C7839C-DA0D-45BF-8FE4-08BDD5218BA9}.Debug|Any CPU.Build.0 = Debug|Any CPU
		{19C7839C-DA0D-45BF-8FE4-08BDD5218BA9}.Release|Any CPU.ActiveCfg = Release|Any CPU
		{19C7839C-DA0D-45BF-8FE4-08BDD5218BA9}.Release|Any CPU.Build.0 = Release|Any CPU
		{1CA83D29-9C88-4D79-92EB-67F22F2D1822}.Debug|Any CPU.ActiveCfg = Debug|Any CPU
		{1CA83D29-9C88-4D79-92EB-67F22F2D1822}.Debug|Any CPU.Build.0 = Debug|Any CPU
		{1CA83D29-9C88-4D79-92EB-67F22F2D1822}.Release|Any CPU.ActiveCfg = Release|Any CPU
		{1CA83D29-9C88-4D79-92EB-67F22F2D1822}.Release|Any CPU.Build.0 = Release|Any CPU
	EndGlobalSection
	GlobalSection(SolutionProperties) = preSolution
		HideSolutionNode = FALSE
	EndGlobalSection
	GlobalSection(ExtensibilityGlobals) = postSolution
		SolutionGuid = {E07C81E8-72E5-470A-8D92-C2A533139AD6}
	EndGlobalSection
EndGlobal
